
Microsoft Visual Studio Solution File, Format Version 12.00
# Visual Studio Version 17
VisualStudioVersion = 17.9.34728.123
MinimumVisualStudioVersion = 10.0.40219.1
Project("{FAE04EC0-301F-11D3-BF4B-00C04F79EFBC}") = "sudokuApp", "sudokuApp\sudokuApp.csproj", "{C1A1D63B-3EA7-4F27-950E-3007F4B75B8E}"
EndProject
Global
	GlobalSection(SolutionConfigurationPlatforms) = preSolution
		Debug|Any CPU = Debug|Any CPU
		Release|Any CPU = Release|Any CPU
	EndGlobalSection
	GlobalSection(ProjectConfigurationPlatforms) = postSolution
		{C1A1D63B-3EA7-4F27-950E-3007F4B75B8E}.Debug|Any CPU.ActiveCfg = Debug|Any CPU
		{C1A1D63B-3EA7-4F27-950E-3007F4B75B8E}.Debug|Any CPU.Build.0 = Debug|Any CPU
		{C1A1D63B-3EA7-4F27-950E-3007F4B75B8E}.Release|Any CPU.ActiveCfg = Release|Any CPU
		{C1A1D63B-3EA7-4F27-950E-3007F4B75B8E}.Release|Any CPU.Build.0 = Release|Any CPU
	EndGlobalSection
	GlobalSection(SolutionProperties) = preSolution
		HideSolutionNode = FALSE
	EndGlobalSection
	GlobalSection(ExtensibilityGlobals) = postSolution
		SolutionGuid = {419202C3-04EC-44D9-91C1-3440E93500BD}
	EndGlobalSection
EndGlobal
